
Microsoft Visual Studio Solution File, Format Version 12.00
# Visual Studio Version 17
VisualStudioVersion = 17.7.34221.43
MinimumVisualStudioVersion = 10.0.40219.1
Project("{FAE04EC0-301F-11D3-BF4B-00C04F79EFBC}") = "GatoXAML", "GatoXAML\GatoXAML.csproj", "{87014CA7-51FA-4AAC-9655-3A0F18DA2141}"
EndProject
Project("{FAE04EC0-301F-11D3-BF4B-00C04F79EFBC}") = "Gato.Tests", "..\Gato.Tests\Gato.Tests.csproj", "{10B39D98-A1ED-4A18-B99C-720892F3F033}"
EndProject
Global
	GlobalSection(SolutionConfigurationPlatforms) = preSolution
		Debug|Any CPU = Debug|Any CPU
		Release|Any CPU = Release|Any CPU
	EndGlobalSection
	GlobalSection(ProjectConfigurationPlatforms) = postSolution
		{87014CA7-51FA-4AAC-9655-3A0F18DA2141}.Debug|Any CPU.ActiveCfg = Debug|Any CPU
		{87014CA7-51FA-4AAC-9655-3A0F18DA2141}.Debug|Any CPU.Build.0 = Debug|Any CPU
		{87014CA7-51FA-4AAC-9655-3A0F18DA2141}.Release|Any CPU.ActiveCfg = Release|Any CPU
		{87014CA7-51FA-4AAC-9655-3A0F18DA2141}.Release|Any CPU.Build.0 = Release|Any CPU
		{10B39D98-A1ED-4A18-B99C-720892F3F033}.Debug|Any CPU.ActiveCfg = Debug|Any CPU
		{10B39D98-A1ED-4A18-B99C-720892F3F033}.Debug|Any CPU.Build.0 = Debug|Any CPU
		{10B39D98-A1ED-4A18-B99C-720892F3F033}.Release|Any CPU.ActiveCfg = Release|Any CPU
		{10B39D98-A1ED-4A18-B99C-720892F3F033}.Release|Any CPU.Build.0 = Release|Any CPU
	EndGlobalSection
	GlobalSection(SolutionProperties) = preSolution
		HideSolutionNode = FALSE
	EndGlobalSection
	GlobalSection(ExtensibilityGlobals) = postSolution
		SolutionGuid = {6214F634-F140-4F82-8ABE-A322BE0783E7}
	EndGlobalSection
EndGlobal
